{
  "version": 4,
  "terraform_version": "1.1.8",
  "serial": 16,
  "lineage": "de2a3de9-587d-5e94-6f7a-a96874768655",
  "outputs": {},
  "resources": [
    {
      "mode": "data",
      "type": "tfe_workspace_ids",
      "name": "all-environments",
      "provider": "provider[\"registry.terraform.io/hashicorp/tfe\"]",
      "instances": [
        {
          "schema_version": 0,
          "attributes": {
            "exclude_tags": null,
            "full_names": {
              "main-dev": "mypracticelab/main-dev",
              "main-prod": "mypracticelab/main-prod",
              "main-test": "mypracticelab/main-test"
            },
            "id": "mypracticelab/4247549715",
            "ids": {
              "main-dev": "ws-bRxNQ49rKxJ6VSPs",
              "main-prod": "ws-hY745YCh3C2L4c7V",
              "main-test": "ws-AjzLPsKJM3WsZwTf"
            },
            "names": [
              "main-prod",
              "main-dev",
              "main-test"
            ],
            "organization": "mypracticelab",
            "tag_names": null
          },
          "sensitive_attributes": []
        }
      ]
    },
    {
      "mode": "managed",
      "type": "tfe_variable",
      "name": "environment",
      "provider": "provider[\"registry.terraform.io/hashicorp/tfe\"]",
      "instances": [
        {
          "schema_version": 1,
          "attributes": {
            "category": "terraform",
            "description": "environment identifier variable",
            "hcl": true,
            "id": "var-At22tJpX4EuMcJ7m",
            "key": "environment",
            "sensitive": false,
            "value": "\"prod\"",
            "variable_set_id": null,
            "workspace_id": "ws-hY745YCh3C2L4c7V"
          },
          "sensitive_attributes": [],
          "private": "eyJzY2hlbWFfdmVyc2lvbiI6IjEifQ==",
          "dependencies": [
            "data.tfe_workspace_ids.all-environments"
          ]
        }
      ]
    },
    {
      "mode": "managed",
      "type": "tfe_variable",
      "name": "public_subnet_cidr",
      "provider": "provider[\"registry.terraform.io/hashicorp/tfe\"]",
      "instances": [
        {
          "schema_version": 1,
          "attributes": {
            "category": "terraform",
            "description": "prod public subnet CIDR",
            "hcl": true,
            "id": "var-dbuj6p6yUP3gfDH8",
            "key": "public_subnet_cidr",
            "sensitive": false,
            "value": "[\"10.2.0.0/24\"]",
            "variable_set_id": null,
            "workspace_id": "ws-hY745YCh3C2L4c7V"
          },
          "sensitive_attributes": [],
          "private": "eyJzY2hlbWFfdmVyc2lvbiI6IjEifQ==",
          "dependencies": [
            "data.tfe_workspace_ids.all-environments"
          ]
        }
      ]
    },
    {
      "mode": "managed",
      "type": "tfe_variable",
      "name": "vpc_cidr",
      "provider": "provider[\"registry.terraform.io/hashicorp/tfe\"]",
      "instances": [
        {
          "schema_version": 1,
          "attributes": {
            "category": "terraform",
            "description": "prod VPC CIDR",
            "hcl": true,
            "id": "var-zbhhWbr4qMjPFF3E",
            "key": "vpc_cidr",
            "sensitive": false,
            "value": "\"10.2.0.0/16\"",
            "variable_set_id": null,
            "workspace_id": "ws-hY745YCh3C2L4c7V"
          },
          "sensitive_attributes": [],
          "private": "eyJzY2hlbWFfdmVyc2lvbiI6IjEifQ==",
          "dependencies": [
            "data.tfe_workspace_ids.all-environments"
          ]
        }
      ]
    }
  ]
}
